
Microsoft Visual Studio Solution File, Format Version 12.00
# Visual Studio 15
VisualStudioVersion = 15.0.28307.1525
MinimumVisualStudioVersion = 10.0.40219.1
Project("{8BC9CEB8-8B4A-11D0-8D11-00A0C91BC942}") = "TestCode", "TestCode\TestCode.vcxproj", "{66A03C8D-CAD3-4496-89FE-04B43F3B908E}"
EndProject
Global
	GlobalSection(SolutionConfigurationPlatforms) = preSolution
		Debug|x64 = Debug|x64
		Debug|x86 = Debug|x86
		Release|x64 = Release|x64
		Release|x86 = Release|x86
	EndGlobalSection
	GlobalSection(ProjectConfigurationPlatforms) = postSolution
		{66A03C8D-CAD3-4496-89FE-04B43F3B908E}.Debug|x64.ActiveCfg = Debug|x64
		{66A03C8D-CAD3-4496-89FE-04B43F3B908E}.Debug|x64.Build.0 = Debug|x64
		{66A03C8D-CAD3-4496-89FE-04B43F3B908E}.Debug|x86.ActiveCfg = Debug|Win32
		{66A03C8D-CAD3-4496-89FE-04B43F3B908E}.Debug|x86.Build.0 = Debug|Win32
		{66A03C8D-CAD3-4496-89FE-04B43F3B908E}.Release|x64.ActiveCfg = Release|x64
		{66A03C8D-CAD3-4496-89FE-04B43F3B908E}.Release|x64.Build.0 = Release|x64
		{66A03C8D-CAD3-4496-89FE-04B43F3B908E}.Release|x86.ActiveCfg = Release|Win32
		{66A03C8D-CAD3-4496-89FE-04B43F3B908E}.Release|x86.Build.0 = Release|Win32
	EndGlobalSection
	GlobalSection(SolutionProperties) = preSolution
		HideSolutionNode = FALSE
	EndGlobalSection
	GlobalSection(ExtensibilityGlobals) = postSolution
		SolutionGuid = {4A0D75FC-9907-4C97-A555-26484E412B7E}
	EndGlobalSection
EndGlobal
